
Microsoft Visual Studio Solution File, Format Version 12.00
# Visual Studio Version 16
VisualStudioVersion = 16.0.30503.244
MinimumVisualStudioVersion = 10.0.40219.1
Project("{FAE04EC0-301F-11D3-BF4B-00C04F79EFBC}") = "STATE_Oven", "STATE_Oven\STATE_Oven.csproj", "{C1E65AF8-2EC0-41DB-97AD-FCFC5CF6BBF5}"
EndProject
Global
	GlobalSection(SolutionConfigurationPlatforms) = preSolution
		Debug|Any CPU = Debug|Any CPU
		Release|Any CPU = Release|Any CPU
	EndGlobalSection
	GlobalSection(ProjectConfigurationPlatforms) = postSolution
		{C1E65AF8-2EC0-41DB-97AD-FCFC5CF6BBF5}.Debug|Any CPU.ActiveCfg = Debug|Any CPU
		{C1E65AF8-2EC0-41DB-97AD-FCFC5CF6BBF5}.Debug|Any CPU.Build.0 = Debug|Any CPU
		{C1E65AF8-2EC0-41DB-97AD-FCFC5CF6BBF5}.Release|Any CPU.ActiveCfg = Release|Any CPU
		{C1E65AF8-2EC0-41DB-97AD-FCFC5CF6BBF5}.Release|Any CPU.Build.0 = Release|Any CPU
	EndGlobalSection
	GlobalSection(SolutionProperties) = preSolution
		HideSolutionNode = FALSE
	EndGlobalSection
	GlobalSection(ExtensibilityGlobals) = postSolution
		SolutionGuid = {AF320D3D-3AA6-4B89-8D42-4EFD2B275748}
	EndGlobalSection
EndGlobal
