
Microsoft Visual Studio Solution File, Format Version 12.00
# Visual Studio 15
VisualStudioVersion = 15.0.28307.271
MinimumVisualStudioVersion = 10.0.40219.1
Project("{FAE04EC0-301F-11D3-BF4B-00C04F79EFBC}") = "Bankomat", "Bankomat\Bankomat.csproj", "{E3EB9B5D-5FE9-40DA-A3F3-60A6F3376EAE}"
EndProject
Global
	GlobalSection(SolutionConfigurationPlatforms) = preSolution
		Debug|Any CPU = Debug|Any CPU
		Release|Any CPU = Release|Any CPU
	EndGlobalSection
	GlobalSection(ProjectConfigurationPlatforms) = postSolution
		{E3EB9B5D-5FE9-40DA-A3F3-60A6F3376EAE}.Debug|Any CPU.ActiveCfg = Debug|Any CPU
		{E3EB9B5D-5FE9-40DA-A3F3-60A6F3376EAE}.Debug|Any CPU.Build.0 = Debug|Any CPU
		{E3EB9B5D-5FE9-40DA-A3F3-60A6F3376EAE}.Release|Any CPU.ActiveCfg = Release|Any CPU
		{E3EB9B5D-5FE9-40DA-A3F3-60A6F3376EAE}.Release|Any CPU.Build.0 = Release|Any CPU
	EndGlobalSection
	GlobalSection(SolutionProperties) = preSolution
		HideSolutionNode = FALSE
	EndGlobalSection
	GlobalSection(ExtensibilityGlobals) = postSolution
		SolutionGuid = {D559D978-0FB1-4836-8083-A53CFD44C4C8}
	EndGlobalSection
EndGlobal
