
Microsoft Visual Studio Solution File, Format Version 12.00
# Visual Studio Version 16
VisualStudioVersion = 16.0.31112.23
MinimumVisualStudioVersion = 10.0.40219.1
Project("{FAE04EC0-301F-11D3-BF4B-00C04F79EFBC}") = "STATE_PI_Projekt", "STATE_PI_Projekt\STATE_PI_Projekt.csproj", "{F305240B-462D-4D36-A918-CD7461B1A8A3}"
EndProject
Global
	GlobalSection(SolutionConfigurationPlatforms) = preSolution
		Debug|Any CPU = Debug|Any CPU
		Release|Any CPU = Release|Any CPU
	EndGlobalSection
	GlobalSection(ProjectConfigurationPlatforms) = postSolution
		{F305240B-462D-4D36-A918-CD7461B1A8A3}.Debug|Any CPU.ActiveCfg = Debug|Any CPU
		{F305240B-462D-4D36-A918-CD7461B1A8A3}.Debug|Any CPU.Build.0 = Debug|Any CPU
		{F305240B-462D-4D36-A918-CD7461B1A8A3}.Release|Any CPU.ActiveCfg = Release|Any CPU
		{F305240B-462D-4D36-A918-CD7461B1A8A3}.Release|Any CPU.Build.0 = Release|Any CPU
	EndGlobalSection
	GlobalSection(SolutionProperties) = preSolution
		HideSolutionNode = FALSE
	EndGlobalSection
	GlobalSection(ExtensibilityGlobals) = postSolution
		SolutionGuid = {51F1ACEE-60FC-47C5-A448-BF19DCE9C331}
	EndGlobalSection
EndGlobal
