
Microsoft Visual Studio Solution File, Format Version 12.00
# Visual Studio Version 16
VisualStudioVersion = 16.0.31112.23
MinimumVisualStudioVersion = 10.0.40219.1
Project("{FAE04EC0-301F-11D3-BF4B-00C04F79EFBC}") = "STATE_Reklamacija", "STATE_Reklamacija\STATE_Reklamacija.csproj", "{0E2777C8-6579-4629-9227-6718B71B2AC8}"
EndProject
Global
	GlobalSection(SolutionConfigurationPlatforms) = preSolution
		Debug|Any CPU = Debug|Any CPU
		Release|Any CPU = Release|Any CPU
	EndGlobalSection
	GlobalSection(ProjectConfigurationPlatforms) = postSolution
		{0E2777C8-6579-4629-9227-6718B71B2AC8}.Debug|Any CPU.ActiveCfg = Debug|Any CPU
		{0E2777C8-6579-4629-9227-6718B71B2AC8}.Debug|Any CPU.Build.0 = Debug|Any CPU
		{0E2777C8-6579-4629-9227-6718B71B2AC8}.Release|Any CPU.ActiveCfg = Release|Any CPU
		{0E2777C8-6579-4629-9227-6718B71B2AC8}.Release|Any CPU.Build.0 = Release|Any CPU
	EndGlobalSection
	GlobalSection(SolutionProperties) = preSolution
		HideSolutionNode = FALSE
	EndGlobalSection
	GlobalSection(ExtensibilityGlobals) = postSolution
		SolutionGuid = {6C4890EE-525D-4A96-88D8-475698A29491}
	EndGlobalSection
EndGlobal
